
Microsoft Visual Studio Solution File, Format Version 12.00
# Visual Studio Version 17
VisualStudioVersion = 17.11.35327.3
MinimumVisualStudioVersion = 10.0.40219.1
Project("{FAE04EC0-301F-11D3-BF4B-00C04F79EFBC}") = "QuizzAPP", "QuizzAPP\QuizzAPP.csproj", "{26A2F8CA-0A54-40A5-A18A-291AFFADC77D}"
EndProject
Project("{2150E333-8FDC-42A3-9474-1A3956D46DE8}") = "Solution Items", "Solution Items", "{E4401F3A-770C-4F01-80F5-F251C60A7815}"
EndProject
Global
	GlobalSection(SolutionConfigurationPlatforms) = preSolution
		Debug|Any CPU = Debug|Any CPU
		Release|Any CPU = Release|Any CPU
	EndGlobalSection
	GlobalSection(ProjectConfigurationPlatforms) = postSolution
		{26A2F8CA-0A54-40A5-A18A-291AFFADC77D}.Debug|Any CPU.ActiveCfg = Debug|Any CPU
		{26A2F8CA-0A54-40A5-A18A-291AFFADC77D}.Debug|Any CPU.Build.0 = Debug|Any CPU
		{26A2F8CA-0A54-40A5-A18A-291AFFADC77D}.Release|Any CPU.ActiveCfg = Release|Any CPU
		{26A2F8CA-0A54-40A5-A18A-291AFFADC77D}.Release|Any CPU.Build.0 = Release|Any CPU
	EndGlobalSection
	GlobalSection(SolutionProperties) = preSolution
		HideSolutionNode = FALSE
	EndGlobalSection
	GlobalSection(ExtensibilityGlobals) = postSolution
		SolutionGuid = {A6A0D7F4-F6C7-4CD2-82E3-4C239FE4EA12}
	EndGlobalSection
EndGlobal
